// !$*UTF8*$!
{
	archiveVersion = 1;
	classes = {
	};
	objectVersion = 46;
	objects = {

/* Begin PBXBuildFile section */
		28DFC1B91935A39400958764 /* Foundation.framework in Frameworks */ = {isa = PBXBuildFile; fileRef = 28DFC1B81935A39400958764 /* Foundation.framework */; };
		28DFC1BB1935A39400958764 /* CoreGraphics.framework in Frameworks */ = {isa = PBXBuildFile; fileRef = 28DFC1BA1935A39400958764 /* CoreGraphics.framework */; };
		28DFC1BD1935A39400958764 /* UIKit.framework in Frameworks */ = {isa = PBXBuildFile; fileRef = 28DFC1BC1935A39400958764 /* UIKit.framework */; };
		28DFC1C31935A39400958764 /* InfoPlist.strings in Resources */ = {isa = PBXBuildFile; fileRef = 28DFC1C11935A39400958764 /* InfoPlist.strings */; };
		28DFC1C51935A39400958764 /* main.m in Sources */ = {isa = PBXBuildFile; fileRef = 28DFC1C41935A39400958764 /* main.m */; };
		28DFC1C91935A39400958764 /* AppDelegate.m in Sources */ = {isa = PBXBuildFile; fileRef = 28DFC1C81935A39400958764 /* AppDelegate.m */; };
		28DFC1CB1935A39400958764 /* Images.xcassets in Resources */ = {isa = PBXBuildFile; fileRef = 28DFC1CA1935A39400958764 /* Images.xcassets */; };
		28DFC1D21935A39500958764 /* XCTest.framework in Frameworks */ = {isa = PBXBuildFile; fileRef = 28DFC1D11935A39500958764 /* XCTest.framework */; };
		28DFC1D31935A39500958764 /* Foundation.framework in Frameworks */ = {isa = PBXBuildFile; fileRef = 28DFC1B81935A39400958764 /* Foundation.framework */; };
		28DFC1D41935A39500958764 /* UIKit.framework in Frameworks */ = {isa = PBXBuildFile; fileRef = 28DFC1BC1935A39400958764 /* UIKit.framework */; };
		28DFC1DC1935A39500958764 /* InfoPlist.strings in Resources */ = {isa = PBXBuildFile; fileRef = 28DFC1DA1935A39500958764 /* InfoPlist.strings */; };
		28DFC1DE1935A39500958764 /* Nav_ToolBarTests.m in Sources */ = {isa = PBXBuildFile; fileRef = 28DFC1DD1935A39500958764 /* Nav_ToolBarTests.m */; };
/* End PBXBuildFile section */

/* Begin PBXContainerItemProxy section */
		28DFC1D51935A39500958764 /* PBXContainerItemProxy */ = {
			isa = PBXContainerItemProxy;
			containerPortal = 28DFC1AD1935A39400958764 /* Project object */;
			proxyType = 1;
			remoteGlobalIDString = 28DFC1B41935A39400958764;
			remoteInfo = "Nav-ToolBar";
		};
/* End PBXContainerItemProxy section */

/* Begin PBXFileReference section */
		28DFC1B51935A39400958764 /* Nav-ToolBar.app */ = {isa = PBXFileReference; explicitFileType = wrapper.application; includeInIndex = 0; path = "Nav-ToolBar.app"; sourceTree = BUILT_PRODUCTS_DIR; };
		28DFC1B81935A39400958764 /* Foundation.framework */ = {isa = PBXFileReference; lastKnownFileType = wrapper.framework; name = Foundation.framework; path = System/Library/Frameworks/Foundation.framework; sourceTree = SDKROOT; };
		28DFC1BA1935A39400958764 /* CoreGraphics.framework */ = {isa = PBXFileReference; lastKnownFileType = wrapper.framework; name = CoreGraphics.framework; path = System/Library/Frameworks/CoreGraphics.framework; sourceTree = SDKROOT; };
		28DFC1BC1935A39400958764 /* UIKit.framework */ = {isa = PBXFileReference; lastKnownFileType = wrapper.framework; name = UIKit.framework; path = System/Library/Frameworks/UIKit.framework; sourceTree = SDKROOT; };
		28DFC1C01935A39400958764 /* Nav-ToolBar-Info.plist */ = {isa = PBXFileReference; lastKnownFileType = text.plist.xml; path = "Nav-ToolBar-Info.plist"; sourceTree = "<group>"; };
		28DFC1C21935A39400958764 /* en */ = {isa = PBXFileReference; lastKnownFileType = text.plist.strings; name = en; path = en.lproj/InfoPlist.strings; sourceTree = "<group>"; };
		28DFC1C41935A39400958764 /* main.m */ = {isa = PBXFileReference; lastKnownFileType = sourcecode.c.objc; path = main.m; sourceTree = "<group>"; };
		28DFC1C61935A39400958764 /* Nav-ToolBar-Prefix.pch */ = {isa = PBXFileReference; lastKnownFileType = sourcecode.c.h; path = "Nav-ToolBar-Prefix.pch"; sourceTree = "<group>"; };
		28DFC1C71935A39400958764 /* AppDelegate.h */ = {isa = PBXFileReference; lastKnownFileType = sourcecode.c.h; path = AppDelegate.h; sourceTree = "<group>"; };
		28DFC1C81935A39400958764 /* AppDelegate.m */ = {isa = PBXFileReference; lastKnownFileType = sourcecode.c.objc; path = AppDelegate.m; sourceTree = "<group>"; };
		28DFC1CA1935A39400958764 /* Images.xcassets */ = {isa = PBXFileReference; lastKnownFileType = folder.assetcatalog; path = Images.xcassets; sourceTree = "<group>"; };
		28DFC1D01935A39500958764 /* Nav-ToolBarTests.xctest */ = {isa = PBXFileReference; explicitFileType = wrapper.cfbundle; includeInIndex = 0; path = "Nav-ToolBarTests.xctest"; sourceTree = BUILT_PRODUCTS_DIR; };
		28DFC1D11935A39500958764 /* XCTest.framework */ = {isa = PBXFileReference; lastKnownFileType = wrapper.framework; name = XCTest.framework; path = Library/Frameworks/XCTest.framework; sourceTree = DEVELOPER_DIR; };
		28DFC1D91935A39500958764 /* Nav-ToolBarTests-Info.plist */ = {isa = PBXFileReference; lastKnownFileType = text.plist.xml; path = "Nav-ToolBarTests-Info.plist"; sourceTree = "<group>"; };
		28DFC1DB1935A39500958764 /* en */ = {isa = PBXFileReference; lastKnownFileType = text.plist.strings; name = en; path = en.lproj/InfoPlist.strings; sourceTree = "<group>"; };
		28DFC1DD1935A39500958764 /* Nav_ToolBarTests.m */ = {isa = PBXFileReference; lastKnownFileType = sourcecode.c.objc; path = Nav_ToolBarTests.m; sourceTree = "<group>"; };
/* End PBXFileReference section */

/* Begin PBXFrameworksBuildPhase section */
		28DFC1B21935A39400958764 /* Frameworks */ = {
			isa = PBXFrameworksBuildPhase;
			buildActionMask = 2147483647;
			files = (
				28DFC1BB1935A39400958764 /* CoreGraphics.framework in Frameworks */,
				28DFC1BD1935A39400958764 /* UIKit.framework in Frameworks */,
				28DFC1B91935A39400958764 /* Foundation.framework in Frameworks */,
			);
			runOnlyForDeploymentPostprocessing = 0;
		};
		28DFC1CD1935A39500958764 /* Frameworks */ = {
			isa = PBXFrameworksBuildPhase;
			buildActionMask = 2147483647;
			files = (
				28DFC1D21935A39500958764 /* XCTest.framework in Frameworks */,
				28DFC1D41935A39500958764 /* UIKit.framework in Frameworks */,
				28DFC1D31935A39500958764 /* Foundation.framework in Frameworks */,
			);
			runOnlyForDeploymentPostprocessing = 0;
		};
/* End PBXFrameworksBuildPhase section */

/* Begin PBXGroup section */
		28DFC1AC1935A39400958764 = {
			isa = PBXGroup;
			children = (
				28DFC1BE1935A39400958764 /* Nav-ToolBar */,
				28DFC1D71935A39500958764 /* Nav-ToolBarTests */,
				28DFC1B71935A39400958764 /* Frameworks */,
				28DFC1B61935A39400958764 /* Products */,
			);
			sourceTree = "<group>";
		};
		28DFC1B61935A39400958764 /* Products */ = {
			isa = PBXGroup;
			children = (
				28DFC1B51935A39400958764 /* Nav-ToolBar.app */,
				28DFC1D01935A39500958764 /* Nav-ToolBarTests.xctest */,
			);
			name = Products;
			sourceTree = "<group>";
		};
		28DFC1B71935A39400958764 /* Frameworks */ = {
			isa = PBXGroup;
			children = (
				28DFC1B81935A39400958764 /* Foundation.framework */,
				28DFC1BA1935A39400958764 /* CoreGraphics.framework */,
				28DFC1BC1935A39400958764 /* UIKit.framework */,
				28DFC1D11935A39500958764 /* XCTest.framework */,
			);
			name = Frameworks;
			sourceTree = "<group>";
		};
		28DFC1BE1935A39400958764 /* Nav-ToolBar */ = {
			isa = PBXGroup;
			children = (
				28DFC1C71935A39400958764 /* AppDelegate.h */,
				28DFC1C81935A39400958764 /* AppDelegate.m */,
				28DFC1CA1935A39400958764 /* Images.xcassets */,
				28DFC1BF1935A39400958764 /* Supporting Files */,
			);
			path = "Nav-ToolBar";
			sourceTree = "<group>";
		};
		28DFC1BF1935A39400958764 /* Supporting Files */ = {
			isa = PBXGroup;
			children = (
				28DFC1C01935A39400958764 /* Nav-ToolBar-Info.plist */,
				28DFC1C11935A39400958764 /* InfoPlist.strings */,
				28DFC1C41935A39400958764 /* main.m */,
				28DFC1C61935A39400958764 /* Nav-ToolBar-Prefix.pch */,
			);
			name = "Supporting Files";
			sourceTree = "<group>";
		};
		28DFC1D71935A39500958764 /* Nav-ToolBarTests */ = {
			isa = PBXGroup;
			children = (
				28DFC1DD1935A39500958764 /* Nav_ToolBarTests.m */,
				28DFC1D81935A39500958764 /* Supporting Files */,
			);
			path = "Nav-ToolBarTests";
			sourceTree = "<group>";
		};
		28DFC1D81935A39500958764 /* Supporting Files */ = {
			isa = PBXGroup;
			children = (
				28DFC1D91935A39500958764 /* Nav-ToolBarTests-Info.plist */,
				28DFC1DA1935A39500958764 /* InfoPlist.strings */,
			);
			name = "Supporting Files";
			sourceTree = "<group>";
		};
/* End PBXGroup section */

/* Begin PBXNativeTarget section */
		28DFC1B41935A39400958764 /* Nav-ToolBar */ = {
			isa = PBXNativeTarget;
			buildConfigurationList = 28DFC1E11935A39500958764 /* Build configuration list for PBXNativeTarget "Nav-ToolBar" */;
			buildPhases = (
				28DFC1B11935A39400958764 /* Sources */,
				28DFC1B21935A39400958764 /* Frameworks */,
				28DFC1B31935A39400958764 /* Resources */,
			);
			buildRules = (
			);
			dependencies = (
			);
			name = "Nav-ToolBar";
			productName = "Nav-ToolBar";
			productReference = 28DFC1B51935A39400958764 /* Nav-ToolBar.app */;
			productType = "com.apple.product-type.application";
		};
		28DFC1CF1935A39500958764 /* Nav-ToolBarTests */ = {
			isa = PBXNativeTarget;
			buildConfigurationList = 28DFC1E41935A39500958764 /* Build configuration list for PBXNativeTarget "Nav-ToolBarTests" */;
			buildPhases = (
				28DFC1CC1935A39500958764 /* Sources */,
				28DFC1CD1935A39500958764 /* Frameworks */,
				28DFC1CE1935A39500958764 /* Resources */,
			);
			buildRules = (
			);
			dependencies = (
				28DFC1D61935A39500958764 /* PBXTargetDependency */,
			);
			name = "Nav-ToolBarTests";
			productName = "Nav-ToolBarTests";
			productReference = 28DFC1D01935A39500958764 /* Nav-ToolBarTests.xctest */;
			productType = "com.apple.product-type.bundle.unit-test";
		};
/* End PBXNativeTarget section */

/* Begin PBXProject section */
		28DFC1AD1935A39400958764 /* Project object */ = {
			isa = PBXProject;
			attributes = {
				LastUpgradeCheck = 0510;
				ORGANIZATIONNAME = wangtao;
				TargetAttributes = {
					28DFC1CF1935A39500958764 = {
						TestTargetID = 28DFC1B41935A39400958764;
					};
				};
			};
			buildConfigurationList = 28DFC1B01935A39400958764 /* Build configuration list for PBXProject "Nav-ToolBar" */;
			compatibilityVersion = "Xcode 3.2";
			developmentRegion = English;
			hasScannedForEncodings = 0;
			knownRegions = (
				en,
			);
			mainGroup = 28DFC1AC1935A39400958764;
			productRefGroup = 28DFC1B61935A39400958764 /* Products */;
			projectDirPath = "";
			projectRoot = "";
			targets = (
				28DFC1B41935A39400958764 /* Nav-ToolBar */,
				28DFC1CF1935A39500958764 /* Nav-ToolBarTests */,
			);
		};
/* End PBXProject section */

/* Begin PBXResourcesBuildPhase section */
		28DFC1B31935A39400958764 /* Resources */ = {
			isa = PBXResourcesBuildPhase;
			buildActionMask = 2147483647;
			files = (
				28DFC1C31935A39400958764 /* InfoPlist.strings in Resources */,
				28DFC1CB1935A39400958764 /* Images.xcassets in Resources */,
			);
			runOnlyForDeploymentPostprocessing = 0;
		};
		28DFC1CE1935A39500958764 /* Resources */ = {
			isa = PBXResourcesBuildPhase;
			buildActionMask = 2147483647;
			files = (
				28DFC1DC1935A39500958764 /* InfoPlist.strings in Resources */,
			);
			runOnlyForDeploymentPostprocessing = 0;
		};
/* End PBXResourcesBuildPhase section */

/* Begin PBXSourcesBuildPhase section */
		28DFC1B11935A39400958764 /* Sources */ = {
			isa = PBXSourcesBuildPhase;
			buildActionMask = 2147483647;
			files = (
				28DFC1C91935A39400958764 /* AppDelegate.m in Sources */,
				28DFC1C51935A39400958764 /* main.m in Sources */,
			);
			runOnlyForDeploymentPostprocessing = 0;
		};
		28DFC1CC1935A39500958764 /* Sources */ = {
			isa = PBXSourcesBuildPhase;
			buildActionMask = 2147483647;
			files = (
				28DFC1DE1935A39500958764 /* Nav_ToolBarTests.m in Sources */,
			);
			runOnlyForDeploymentPostprocessing = 0;
		};
/* End PBXSourcesBuildPhase section */

/* Begin PBXTargetDependency section */
		28DFC1D61935A39500958764 /* PBXTargetDependency */ = {
			isa = PBXTargetDependency;
			target = 28DFC1B41935A39400958764 /* Nav-ToolBar */;
			targetProxy = 28DFC1D51935A39500958764 /* PBXContainerItemProxy */;
		};
/* End PBXTargetDependency section */

/* Begin PBXVariantGroup section */
		28DFC1C11935A39400958764 /* InfoPlist.strings */ = {
			isa = PBXVariantGroup;
			children = (
				28DFC1C21935A39400958764 /* en */,
			);
			name = InfoPlist.strings;
			sourceTree = "<group>";
		};
		28DFC1DA1935A39500958764 /* InfoPlist.strings */ = {
			isa = PBXVariantGroup;
			children = (
				28DFC1DB1935A39500958764 /* en */,
			);
			name = InfoPlist.strings;
			sourceTree = "<group>";
		};
/* End PBXVariantGroup section */

/* Begin XCBuildConfiguration section */
		28DFC1DF1935A39500958764 /* Debug */ = {
			isa = XCBuildConfiguration;
			buildSettings = {
				ALWAYS_SEARCH_USER_PATHS = NO;
				CLANG_CXX_LANGUAGE_STANDARD = "gnu++0x";
				CLANG_CXX_LIBRARY = "libc++";
				CLANG_ENABLE_MODULES = YES;
				CLANG_ENABLE_OBJC_ARC = YES;
				CLANG_WARN_BOOL_CONVERSION = YES;
				CLANG_WARN_CONSTANT_CONVERSION = YES;
				CLANG_WARN_DIRECT_OBJC_ISA_USAGE = YES_ERROR;
				CLANG_WARN_EMPTY_BODY = YES;
				CLANG_WARN_ENUM_CONVERSION = YES;
				CLANG_WARN_INT_CONVERSION = YES;
				CLANG_WARN_OBJC_ROOT_CLASS = YES_ERROR;
				CLANG_WARN__DUPLICATE_METHOD_MATCH = YES;
				"CODE_SIGN_IDENTITY[sdk=iphoneos*]" = "iPhone Developer";
				COPY_PHASE_STRIP = NO;
				GCC_C_LANGUAGE_STANDARD = gnu99;
				GCC_DYNAMIC_NO_PIC = NO;
				GCC_OPTIMIZATION_LEVEL = 0;
				GCC_PREPROCESSOR_DEFINITIONS = (
					"DEBUG=1",
					"$(inherited)",
				);
				GCC_SYMBOLS_PRIVATE_EXTERN = NO;
				GCC_WARN_64_TO_32_BIT_CONVERSION = YES;
				GCC_WARN_ABOUT_RETURN_TYPE = YES_ERROR;
				GCC_WARN_UNDECLARED_SELECTOR = YES;
				GCC_WARN_UNINITIALIZED_AUTOS = YES_AGGRESSIVE;
				GCC_WARN_UNUSED_FUNCTION = YES;
				GCC_WARN_UNUSED_VARIABLE = YES;
				IPHONEOS_DEPLOYMENT_TARGET = 7.1;
				ONLY_ACTIVE_ARCH = YES;
				SDKROOT = iphoneos;
			};
			name = Debug;
		};
		28DFC1E01935A39500958764 /* Release */ = {
			isa = XCBuildConfiguration;
			buildSettings = {
				ALWAYS_SEARCH_USER_PATHS = NO;
				CLANG_CXX_LANGUAGE_STANDARD = "gnu++0x";
				CLANG_CXX_LIBRARY = "libc++";
				CLANG_ENABLE_MODULES = YES;
				CLANG_ENABLE_OBJC_ARC = YES;
				CLANG_WARN_BOOL_CONVERSION = YES;
				CLANG_WARN_CONSTANT_CONVERSION = YES;
				CLANG_WARN_DIRECT_OBJC_ISA_USAGE = YES_ERROR;
				CLANG_WARN_EMPTY_BODY = YES;
				CLANG_WARN_ENUM_CONVERSION = YES;
				CLANG_WARN_INT_CONVERSION = YES;
				CLANG_WARN_OBJC_ROOT_CLASS = YES_ERROR;
				CLANG_WARN__DUPLICATE_METHOD_MATCH = YES;
				"CODE_SIGN_IDENTITY[sdk=iphoneos*]" = "iPhone Developer";
				COPY_PHASE_STRIP = YES;
				ENABLE_NS_ASSERTIONS = NO;
				GCC_C_LANGUAGE_STANDARD = gnu99;
				GCC_WARN_64_TO_32_BIT_CONVERSION = YES;
				GCC_WARN_ABOUT_RETURN_TYPE = YES_ERROR;
				GCC_WARN_UNDECLARED_SELECTOR = YES;
				GCC_WARN_UNINITIALIZED_AUTOS = YES_AGGRESSIVE;
				GCC_WARN_UNUSED_FUNCTION = YES;
				GCC_WARN_UNUSED_VARIABLE = YES;
				IPHONEOS_DEPLOYMENT_TARGET = 7.1;
				SDKROOT = iphoneos;
				VALIDATE_PRODUCT = YES;
			};
			name = Release;
		};
		28DFC1E21935A39500958764 /* Debug */ = {
			isa = XCBuildConfiguration;
			buildSettings = {
				ASSETCATALOG_COMPILER_APPICON_NAME = AppIcon;
				ASSETCATALOG_COMPILER_LAUNCHIMAGE_NAME = LaunchImage;
				GCC_PRECOMPILE_PREFIX_HEADER = YES;
				GCC_PREFIX_HEADER = "Nav-ToolBar/Nav-ToolBar-Prefix.pch";
				INFOPLIST_FILE = "Nav-ToolBar/Nav-ToolBar-Info.plist";
				PRODUCT_NAME = "$(TARGET_NAME)";
				WRAPPER_EXTENSION = app;
			};
			name = Debug;
		};
		28DFC1E31935A39500958764 /* Release */ = {
			isa = XCBuildConfiguration;
			buildSettings = {
				ASSETCATALOG_COMPILER_APPICON_NAME = AppIcon;
				ASSETCATALOG_COMPILER_LAUNCHIMAGE_NAME = LaunchImage;
				GCC_PRECOMPILE_PREFIX_HEADER = YES;
				GCC_PREFIX_HEADER = "Nav-ToolBar/Nav-ToolBar-Prefix.pch";
				INFOPLIST_FILE = "Nav-ToolBar/Nav-ToolBar-Info.plist";
				PRODUCT_NAME = "$(TARGET_NAME)";
				WRAPPER_EXTENSION = app;
			};
			name = Release;
		};
		28DFC1E51935A39500958764 /* Debug */ = {
			isa = XCBuildConfiguration;
			buildSettings = {
				BUNDLE_LOADER = "$(BUILT_PRODUCTS_DIR)/Nav-ToolBar.app/Nav-ToolBar";
				FRAMEWORK_SEARCH_PATHS = (
					"$(SDKROOT)/Developer/Library/Frameworks",
					"$(inherited)",
					"$(DEVELOPER_FRAMEWORKS_DIR)",
				);
				GCC_PRECOMPILE_PREFIX_HEADER = YES;
				GCC_PREFIX_HEADER = "Nav-ToolBar/Nav-ToolBar-Prefix.pch";
				GCC_PREPROCESSOR_DEFINITIONS = (
					"DEBUG=1",
					"$(inherited)",
				);
				INFOPLIST_FILE = "Nav-ToolBarTests/Nav-ToolBarTests-Info.plist";
				PRODUCT_NAME = "$(TARGET_NAME)";
				TEST_HOST = "$(BUNDLE_LOADER)";
				WRAPPER_EXTENSION = xctest;
			};
			name = Debug;
		};
		28DFC1E61935A39500958764 /* Release */ = {
			isa = XCBuildConfiguration;
			buildSettings = {
				BUNDLE_LOADER = "$(BUILT_PRODUCTS_DIR)/Nav-ToolBar.app/Nav-ToolBar";
				FRAMEWORK_SEARCH_PATHS = (
					"$(SDKROOT)/Developer/Library/Frameworks",
					"$(inherited)",
					"$(DEVELOPER_FRAMEWORKS_DIR)",
				);
				GCC_PRECOMPILE_PREFIX_HEADER = YES;
				GCC_PREFIX_HEADER = "Nav-ToolBar/Nav-ToolBar-Prefix.pch";
				INFOPLIST_FILE = "Nav-ToolBarTests/Nav-ToolBarTests-Info.plist";
				PRODUCT_NAME = "$(TARGET_NAME)";
				TEST_HOST = "$(BUNDLE_LOADER)";
				WRAPPER_EXTENSION = xctest;
			};
			name = Release;
		};
/* End XCBuildConfiguration section */

/* Begin XCConfigurationList section */
		28DFC1B01935A39400958764 /* Build configuration list for PBXProject "Nav-ToolBar" */ = {
			isa = XCConfigurationList;
			buildConfigurations = (
				28DFC1DF1935A39500958764 /* Debug */,
				28DFC1E01935A39500958764 /* Release */,
			);
			defaultConfigurationIsVisible = 0;
			defaultConfigurationName = Release;
		};
		28DFC1E11935A39500958764 /* Build configuration list for PBXNativeTarget "Nav-ToolBar" */ = {
			isa = XCConfigurationList;
			buildConfigurations = (
				28DFC1E21935A39500958764 /* Debug */,
				28DFC1E31935A39500958764 /* Release */,
			);
			defaultConfigurationIsVisible = 0;
		};
		28DFC1E41935A39500958764 /* Build configuration list for PBXNativeTarget "Nav-ToolBarTests" */ = {
			isa = XCConfigurationList;
			buildConfigurations = (
				28DFC1E51935A39500958764 /* Debug */,
				28DFC1E61935A39500958764 /* Release */,
			);
			defaultConfigurationIsVisible = 0;
		};
/* End XCConfigurationList section */
	};
	rootObject = 28DFC1AD1935A39400958764 /* Project object */;
}
